
Microsoft Visual Studio Solution File, Format Version 12.00
# Visual Studio Version 16
VisualStudioVersion = 16.0.30907.101
MinimumVisualStudioVersion = 10.0.40219.1
Project("{9A19103F-16F7-4668-BE54-9A1E7A4F7556}") = "KampIntro", "KampIntro\KampIntro.csproj", "{20E44641-65C5-4D61-BA1D-F8EB9CFA4CDE}"
EndProject
Project("{9A19103F-16F7-4668-BE54-9A1E7A4F7556}") = "Donguler", "Donguler\Donguler.csproj", "{5682356B-57A5-4DBB-804C-E43071307825}"
EndProject
Project("{9A19103F-16F7-4668-BE54-9A1E7A4F7556}") = "classIntro", "classIntro\classIntro.csproj", "{8AB5F748-6FB1-41E7-BD31-1517600240C8}"
EndProject
Project("{9A19103F-16F7-4668-BE54-9A1E7A4F7556}") = "homework1", "homework1\homework1.csproj", "{E1EE8638-EC82-4CB5-BB62-EC2C19B17AA5}"
EndProject
Project("{9A19103F-16F7-4668-BE54-9A1E7A4F7556}") = "Metodlar___", "Metodlar___\Metodlar___.csproj", "{2ADCDCC2-966A-4FDD-AE2E-69602B2D3097}"
EndProject
Project("{9A19103F-16F7-4668-BE54-9A1E7A4F7556}") = "dortislem", "dortislem\dortislem.csproj", "{80A5F1F2-6149-4B2E-B687-A5C43A1548E0}"
EndProject
Project("{9A19103F-16F7-4668-BE54-9A1E7A4F7556}") = "DegerVeReferansTipler", "DegerVeReferansTipler\DegerVeReferansTipler.csproj", "{F69A0BCD-0528-430F-AEA1-7B89636D3484}"
EndProject
Project("{FAE04EC0-301F-11D3-BF4B-00C04F79EFBC}") = "OOP1", "OOP1\OOP1.csproj", "{E799C41A-BA7F-4E0F-B50F-D58B887EDAE2}"
EndProject
Project("{FAE04EC0-301F-11D3-BF4B-00C04F79EFBC}") = "Koleksiyonlar", "Koleksiyonlar\Koleksiyonlar.csproj", "{E2C63CDA-A4F4-45C5-8295-AED9B5AABCC9}"
EndProject
Project("{FAE04EC0-301F-11D3-BF4B-00C04F79EFBC}") = "GenericsIntro", "GenericsIntro\GenericsIntro.csproj", "{F4CB6365-7B23-4FA8-8C2B-5065ED73944F}"
EndProject
Global
	GlobalSection(SolutionConfigurationPlatforms) = preSolution
		Debug|Any CPU = Debug|Any CPU
		Release|Any CPU = Release|Any CPU
	EndGlobalSection
	GlobalSection(ProjectConfigurationPlatforms) = postSolution
		{20E44641-65C5-4D61-BA1D-F8EB9CFA4CDE}.Debug|Any CPU.ActiveCfg = Debug|Any CPU
		{20E44641-65C5-4D61-BA1D-F8EB9CFA4CDE}.Debug|Any CPU.Build.0 = Debug|Any CPU
		{20E44641-65C5-4D61-BA1D-F8EB9CFA4CDE}.Release|Any CPU.ActiveCfg = Release|Any CPU
		{20E44641-65C5-4D61-BA1D-F8EB9CFA4CDE}.Release|Any CPU.Build.0 = Release|Any CPU
		{5682356B-57A5-4DBB-804C-E43071307825}.Debug|Any CPU.ActiveCfg = Debug|Any CPU
		{5682356B-57A5-4DBB-804C-E43071307825}.Debug|Any CPU.Build.0 = Debug|Any CPU
		{5682356B-57A5-4DBB-804C-E43071307825}.Release|Any CPU.ActiveCfg = Release|Any CPU
		{5682356B-57A5-4DBB-804C-E43071307825}.Release|Any CPU.Build.0 = Release|Any CPU
		{8AB5F748-6FB1-41E7-BD31-1517600240C8}.Debug|Any CPU.ActiveCfg = Debug|Any CPU
		{8AB5F748-6FB1-41E7-BD31-1517600240C8}.Debug|Any CPU.Build.0 = Debug|Any CPU
		{8AB5F748-6FB1-41E7-BD31-1517600240C8}.Release|Any CPU.ActiveCfg = Release|Any CPU
		{8AB5F748-6FB1-41E7-BD31-1517600240C8}.Release|Any CPU.Build.0 = Release|Any CPU
		{E1EE8638-EC82-4CB5-BB62-EC2C19B17AA5}.Debug|Any CPU.ActiveCfg = Debug|Any CPU
		{E1EE8638-EC82-4CB5-BB62-EC2C19B17AA5}.Debug|Any CPU.Build.0 = Debug|Any CPU
		{E1EE8638-EC82-4CB5-BB62-EC2C19B17AA5}.Release|Any CPU.ActiveCfg = Release|Any CPU
		{E1EE8638-EC82-4CB5-BB62-EC2C19B17AA5}.Release|Any CPU.Build.0 = Release|Any CPU
		{2ADCDCC2-966A-4FDD-AE2E-69602B2D3097}.Debug|Any CPU.ActiveCfg = Debug|Any CPU
		{2ADCDCC2-966A-4FDD-AE2E-69602B2D3097}.Debug|Any CPU.Build.0 = Debug|Any CPU
		{2ADCDCC2-966A-4FDD-AE2E-69602B2D3097}.Release|Any CPU.ActiveCfg = Release|Any CPU
		{2ADCDCC2-966A-4FDD-AE2E-69602B2D3097}.Release|Any CPU.Build.0 = Release|Any CPU
		{80A5F1F2-6149-4B2E-B687-A5C43A1548E0}.Debug|Any CPU.ActiveCfg = Debug|Any CPU
		{80A5F1F2-6149-4B2E-B687-A5C43A1548E0}.Debug|Any CPU.Build.0 = Debug|Any CPU
		{80A5F1F2-6149-4B2E-B687-A5C43A1548E0}.Release|Any CPU.ActiveCfg = Release|Any CPU
		{80A5F1F2-6149-4B2E-B687-A5C43A1548E0}.Release|Any CPU.Build.0 = Release|Any CPU
		{F69A0BCD-0528-430F-AEA1-7B89636D3484}.Debug|Any CPU.ActiveCfg = Debug|Any CPU
		{F69A0BCD-0528-430F-AEA1-7B89636D3484}.Debug|Any CPU.Build.0 = Debug|Any CPU
		{F69A0BCD-0528-430F-AEA1-7B89636D3484}.Release|Any CPU.ActiveCfg = Release|Any CPU
		{F69A0BCD-0528-430F-AEA1-7B89636D3484}.Release|Any CPU.Build.0 = Release|Any CPU
		{E799C41A-BA7F-4E0F-B50F-D58B887EDAE2}.Debug|Any CPU.ActiveCfg = Debug|Any CPU
		{E799C41A-BA7F-4E0F-B50F-D58B887EDAE2}.Debug|Any CPU.Build.0 = Debug|Any CPU
		{E799C41A-BA7F-4E0F-B50F-D58B887EDAE2}.Release|Any CPU.ActiveCfg = Release|Any CPU
		{E799C41A-BA7F-4E0F-B50F-D58B887EDAE2}.Release|Any CPU.Build.0 = Release|Any CPU
		{E2C63CDA-A4F4-45C5-8295-AED9B5AABCC9}.Debug|Any CPU.ActiveCfg = Debug|Any CPU
		{E2C63CDA-A4F4-45C5-8295-AED9B5AABCC9}.Debug|Any CPU.Build.0 = Debug|Any CPU
		{E2C63CDA-A4F4-45C5-8295-AED9B5AABCC9}.Release|Any CPU.ActiveCfg = Release|Any CPU
		{E2C63CDA-A4F4-45C5-8295-AED9B5AABCC9}.Release|Any CPU.Build.0 = Release|Any CPU
		{F4CB6365-7B23-4FA8-8C2B-5065ED73944F}.Debug|Any CPU.ActiveCfg = Debug|Any CPU
		{F4CB6365-7B23-4FA8-8C2B-5065ED73944F}.Debug|Any CPU.Build.0 = Debug|Any CPU
		{F4CB6365-7B23-4FA8-8C2B-5065ED73944F}.Release|Any CPU.ActiveCfg = Release|Any CPU
		{F4CB6365-7B23-4FA8-8C2B-5065ED73944F}.Release|Any CPU.Build.0 = Release|Any CPU
	EndGlobalSection
	GlobalSection(SolutionProperties) = preSolution
		HideSolutionNode = FALSE
	EndGlobalSection
	GlobalSection(ExtensibilityGlobals) = postSolution
		SolutionGuid = {BE4C5F79-AB35-4AA7-8FEE-01BC84E6386A}
	EndGlobalSection
EndGlobal
